{
  "version": "5",
  "specifiers": {
    "jsr:@std/assert@*": "1.0.19",
    "jsr:@std/internal@^1.0.12": "1.0.12"
  },
  "jsr": {
    "@std/assert@1.0.19": {
      "integrity": "eaada96ee120cb980bc47e040f82814d786fe8162ecc53c91d8df60b8755991e",
      "dependencies": [
        "jsr:@std/internal"
      ]
    },
    "@std/internal@1.0.12": {
      "integrity": "972a634fd5bc34b242024402972cd5143eac68d8dffaca5eaa4dba30ce17b027"
    }
  },
  "redirects": {
    "https://esm.sh/@supabase/phoenix@^0.4.0?target=denonext": "https://esm.sh/@supabase/phoenix@0.4.2?target=denonext",
    "https://esm.sh/@supabase/supabase-js@2": "https://esm.sh/@supabase/supabase-js@2.104.1",
    "https://esm.sh/iceberg-js@^0.8.1?target=denonext": "https://esm.sh/iceberg-js@0.8.1?target=denonext"
  },
  "remote": {
    "https://deno.land/std@0.177.0/async/abortable.ts": "73acfb3ed7261ce0d930dbe89e43db8d34e017b063cf0eaa7d215477bf53442e",
    "https://deno.land/std@0.177.0/async/deadline.ts": "c5facb0b404eede83e38bd2717ea8ab34faa2ffb20ef87fd261fcba32ba307aa",
    "https://deno.land/std@0.177.0/async/debounce.ts": "adab11d04ca38d699444ac8a9d9856b4155e8dda2afd07ce78276c01ea5a4332",
    "https://deno.land/std@0.177.0/async/deferred.ts": "42790112f36a75a57db4a96d33974a936deb7b04d25c6084a9fa8a49f135def8",
    "https://deno.land/std@0.177.0/async/delay.ts": "73aa04cec034c84fc748c7be49bb15cac3dd43a57174bfdb7a4aec22c248f0dd",
    "https://deno.land/std@0.177.0/async/mod.ts": "f04344fa21738e5ad6bea37a6bfffd57c617c2d372bb9f9dcfd118a1b622e576",
    "https://deno.land/std@0.177.0/async/mux_async_iterator.ts": "70c7f2ee4e9466161350473ad61cac0b9f115cff4c552eaa7ef9d50c4cbb4cc9",
    "https://deno.land/std@0.177.0/async/pool.ts": "fd082bd4aaf26445909889435a5c74334c017847842ec035739b4ae637ae8260",
    "https://deno.land/std@0.177.0/async/retry.ts": "5efa3ba450ac0c07a40a82e2df296287b5013755d232049efd7ea2244f15b20f",
    "https://deno.land/std@0.177.0/async/tee.ts": "47e42d35f622650b02234d43803d0383a89eb4387e1b83b5a40106d18ae36757",
    "https://deno.land/std@0.177.0/http/server.ts": "cbb17b594651215ba95c01a395700684e569c165a567e4e04bba327f41197433",
    "https://esm.sh/@supabase/auth-js@2.104.1/denonext/auth-js.mjs": "ed9f6d02a5885883291659fb1c23e0e263dd991bb1857b58fd6a818702a8ad16",
    "https://esm.sh/@supabase/functions-js@2.104.1/denonext/functions-js.mjs": "e2526f175d7256933eb973721c6feb02ee0bfbd50a743663652f79995c6e120c",
    "https://esm.sh/@supabase/phoenix@0.4.2/denonext/phoenix.mjs": "8099a9b1277ec1776f0d0ae15e35be72b87b541a3f787b5477a11b546c8d62a9",
    "https://esm.sh/@supabase/phoenix@0.4.2?target=denonext": "0790ada96f524af71c1af9a3f01b5517bd6e90e9e7e22e4c5436b92bc1534e8d",
    "https://esm.sh/@supabase/postgrest-js@2.104.1/denonext/postgrest-js.mjs": "f968232d2d22950299afe0712a8073f6a03e80e1b53ff3411763328394bbe976",
    "https://esm.sh/@supabase/realtime-js@2.104.1/denonext/realtime-js.mjs": "61b3266d1bfa729a91bf5f804970a2d9612303d11acad20e82342103e9b5b691",
    "https://esm.sh/@supabase/storage-js@2.104.1/denonext/storage-js.mjs": "8783d810ec64743721155f4e45dc5ce8547f250fb6c3b0097603ea0661f8c9ba",
    "https://esm.sh/@supabase/supabase-js@2.104.1": "bad73bfa9aac8a6d896e7a1d4449c7c2ece9a01bccca9e9569f1ed0fc76b5222",
    "https://esm.sh/@supabase/supabase-js@2.104.1/denonext/supabase-js.mjs": "dd594d5874d2da69f6e8d844b3a899b799f86d00f61e0cac43c215e3f31b4a04",
    "https://esm.sh/iceberg-js@0.8.1/denonext/iceberg-js.mjs": "d839d81a2e3966500ca2cdd0c1cb458e9608bacfc91f7bb67a69b2e878dcdb4f",
    "https://esm.sh/iceberg-js@0.8.1?target=denonext": "58c849d7fe2bf4eca4a84eb501e83c161a7d8c34ca1bec15a962b3bec3062633",
    "https://esm.sh/tslib@2.8.1/denonext/tslib.mjs": "c38da5dd6da6281964435002ce204cd586634fe3bdfb24a0ee116f48cf3292e9"
  },
  "workspace": {
    "packageJson": {
      "dependencies": [
        "npm:@dnd-kit/core@^6.3.1",
        "npm:@dnd-kit/sortable@10",
        "npm:@fontsource-variable/inter-tight@^5.2.7",
        "npm:@fontsource-variable/inter@^5.2.8",
        "npm:@fontsource-variable/jetbrains-mono@^5.2.8",
        "npm:@marsidev/react-turnstile@^1.5.0",
        "npm:@react-router/dev@7.12.0",
        "npm:@react-router/node@7.12.0",
        "npm:@react-router/serve@7.12.0",
        "npm:@release-it/conventional-changelog@^10.0.5",
        "npm:@supabase/supabase-js@^2.98.0",
        "npm:@tailwindcss/vite@^4.1.13",
        "npm:@tanstack/react-query@^5.90.21",
        "npm:@testing-library/jest-dom@^6.9.1",
        "npm:@testing-library/react@^16.3.2",
        "npm:@testing-library/user-event@^14.6.1",
        "npm:@tryvital/vital-link@~0.1.7",
        "npm:@types/node@22",
        "npm:@types/papaparse@^5.5.2",
        "npm:@types/react-dom@^19.2.3",
        "npm:@types/react@^19.2.7",
        "npm:@vitejs/plugin-react@^5.1.4",
        "npm:@vitest/coverage-v8@^4.0.18",
        "npm:class-variance-authority@~0.7.1",
        "npm:clsx@^2.1.1",
        "npm:date-fns@^4.1.0",
        "npm:husky@^9.1.7",
        "npm:i18next@^25.8.13",
        "npm:isbot@^5.1.31",
        "npm:jsdom@^28.1.0",
        "npm:lint-staged@^16.4.0",
        "npm:lucide-react@0.575",
        "npm:next-themes@~0.4.6",
        "npm:papaparse@^5.5.3",
        "npm:prettier-plugin-tailwindcss@~0.7.2",
        "npm:prettier@^3.8.1",
        "npm:radix-ui@^1.4.3",
        "npm:react-dom@^19.2.4",
        "npm:react-i18next@^16.5.4",
        "npm:react-router@7.12.0",
        "npm:react@^19.2.4",
        "npm:recharts@2.15.4",
        "npm:release-it@^19.2.4",
        "npm:shadcn@^3.8.5",
        "npm:sonner@^2.0.7",
        "npm:supabase@^2.89.1",
        "npm:tailwind-merge@^3.5.0",
        "npm:tailwindcss@^4.1.13",
        "npm:tsx@^4.19.3",
        "npm:tw-animate-css@^1.4.0",
        "npm:typescript@^5.9.2",
        "npm:vite-tsconfig-paths@^5.1.4",
        "npm:vite@^7.1.7",
        "npm:vitest@^4.0.18",
        "npm:zod@^4.3.6"
      ]
    }
  }
}
